
Microsoft Visual Studio Solution File, Format Version 12.00
# Visual Studio Version 17
VisualStudioVersion = 17.0.31903.59
MinimumVisualStudioVersion = 10.0.40219.1
Project("{FAE04EC0-301F-11D3-BF4B-00C04F79EFBC}") = "DealCloudBackend.Api", "DealCloudBackend.Api\DealCloudBackend.Api.csproj", "{ABC6D7F6-605E-4596-BB57-9F73380F2444}"
EndProject
Project("{FAE04EC0-301F-11D3-BF4B-00C04F79EFBC}") = "DealCloudBackend.Core", "DealCloudBackend.Core\DealCloudBackend.Core.csproj", "{D2230F0F-74CF-48D7-8813-429D31571C81}"
EndProject
Project("{FAE04EC0-301F-11D3-BF4B-00C04F79EFBC}") = "DealCloudBackend.Infrastructure", "DealCloudBackend.Infrastructure\DealCloudBackend.Infrastructure.csproj", "{7D3FE58E-1641-432A-8D64-5E633D55A898}"
EndProject
Project("{FAE04EC0-301F-11D3-BF4B-00C04F79EFBC}") = "DealCloudBackend.Application", "DealCloudBackend.Application\DealCloudBackend.Application.csproj", "{5C2C585B-62CB-4A5E-943E-447AD8953783}"
EndProject
Global
	GlobalSection(SolutionConfigurationPlatforms) = preSolution
		Debug|Any CPU = Debug|Any CPU
		Debug|x64 = Debug|x64
		Debug|x86 = Debug|x86
		Release|Any CPU = Release|Any CPU
		Release|x64 = Release|x64
		Release|x86 = Release|x86
	EndGlobalSection
	GlobalSection(ProjectConfigurationPlatforms) = postSolution
		{ABC6D7F6-605E-4596-BB57-9F73380F2444}.Debug|Any CPU.ActiveCfg = Debug|Any CPU
		{ABC6D7F6-605E-4596-BB57-9F73380F2444}.Debug|Any CPU.Build.0 = Debug|Any CPU
		{ABC6D7F6-605E-4596-BB57-9F73380F2444}.Debug|x64.ActiveCfg = Debug|Any CPU
		{ABC6D7F6-605E-4596-BB57-9F73380F2444}.Debug|x64.Build.0 = Debug|Any CPU
		{ABC6D7F6-605E-4596-BB57-9F73380F2444}.Debug|x86.ActiveCfg = Debug|Any CPU
		{ABC6D7F6-605E-4596-BB57-9F73380F2444}.Debug|x86.Build.0 = Debug|Any CPU
		{ABC6D7F6-605E-4596-BB57-9F73380F2444}.Release|Any CPU.ActiveCfg = Release|Any CPU
		{ABC6D7F6-605E-4596-BB57-9F73380F2444}.Release|Any CPU.Build.0 = Release|Any CPU
		{ABC6D7F6-605E-4596-BB57-9F73380F2444}.Release|x64.ActiveCfg = Release|Any CPU
		{ABC6D7F6-605E-4596-BB57-9F73380F2444}.Release|x64.Build.0 = Release|Any CPU
		{ABC6D7F6-605E-4596-BB57-9F73380F2444}.Release|x86.ActiveCfg = Release|Any CPU
		{ABC6D7F6-605E-4596-BB57-9F73380F2444}.Release|x86.Build.0 = Release|Any CPU
		{D2230F0F-74CF-48D7-8813-429D31571C81}.Debug|Any CPU.ActiveCfg = Debug|Any CPU
		{D2230F0F-74CF-48D7-8813-429D31571C81}.Debug|Any CPU.Build.0 = Debug|Any CPU
		{D2230F0F-74CF-48D7-8813-429D31571C81}.Debug|x64.ActiveCfg = Debug|Any CPU
		{D2230F0F-74CF-48D7-8813-429D31571C81}.Debug|x64.Build.0 = Debug|Any CPU
		{D2230F0F-74CF-48D7-8813-429D31571C81}.Debug|x86.ActiveCfg = Debug|Any CPU
		{D2230F0F-74CF-48D7-8813-429D31571C81}.Debug|x86.Build.0 = Debug|Any CPU
		{D2230F0F-74CF-48D7-8813-429D31571C81}.Release|Any CPU.ActiveCfg = Release|Any CPU
		{D2230F0F-74CF-48D7-8813-429D31571C81}.Release|Any CPU.Build.0 = Release|Any CPU
		{D2230F0F-74CF-48D7-8813-429D31571C81}.Release|x64.ActiveCfg = Release|Any CPU
		{D2230F0F-74CF-48D7-8813-429D31571C81}.Release|x64.Build.0 = Release|Any CPU
		{D2230F0F-74CF-48D7-8813-429D31571C81}.Release|x86.ActiveCfg = Release|Any CPU
		{D2230F0F-74CF-48D7-8813-429D31571C81}.Release|x86.Build.0 = Release|Any CPU
		{7D3FE58E-1641-432A-8D64-5E633D55A898}.Debug|Any CPU.ActiveCfg = Debug|Any CPU
		{7D3FE58E-1641-432A-8D64-5E633D55A898}.Debug|Any CPU.Build.0 = Debug|Any CPU
		{7D3FE58E-1641-432A-8D64-5E633D55A898}.Debug|x64.ActiveCfg = Debug|Any CPU
		{7D3FE58E-1641-432A-8D64-5E633D55A898}.Debug|x64.Build.0 = Debug|Any CPU
		{7D3FE58E-1641-432A-8D64-5E633D55A898}.Debug|x86.ActiveCfg = Debug|Any CPU
		{7D3FE58E-1641-432A-8D64-5E633D55A898}.Debug|x86.Build.0 = Debug|Any CPU
		{7D3FE58E-1641-432A-8D64-5E633D55A898}.Release|Any CPU.ActiveCfg = Release|Any CPU
		{7D3FE58E-1641-432A-8D64-5E633D55A898}.Release|Any CPU.Build.0 = Release|Any CPU
		{7D3FE58E-1641-432A-8D64-5E633D55A898}.Release|x64.ActiveCfg = Release|Any CPU
		{7D3FE58E-1641-432A-8D64-5E633D55A898}.Release|x64.Build.0 = Release|Any CPU
		{7D3FE58E-1641-432A-8D64-5E633D55A898}.Release|x86.ActiveCfg = Release|Any CPU
		{7D3FE58E-1641-432A-8D64-5E633D55A898}.Release|x86.Build.0 = Release|Any CPU
		{5C2C585B-62CB-4A5E-943E-447AD8953783}.Debug|Any CPU.ActiveCfg = Debug|Any CPU
		{5C2C585B-62CB-4A5E-943E-447AD8953783}.Debug|Any CPU.Build.0 = Debug|Any CPU
		{5C2C585B-62CB-4A5E-943E-447AD8953783}.Debug|x64.ActiveCfg = Debug|Any CPU
		{5C2C585B-62CB-4A5E-943E-447AD8953783}.Debug|x64.Build.0 = Debug|Any CPU
		{5C2C585B-62CB-4A5E-943E-447AD8953783}.Debug|x86.ActiveCfg = Debug|Any CPU
		{5C2C585B-62CB-4A5E-943E-447AD8953783}.Debug|x86.Build.0 = Debug|Any CPU
		{5C2C585B-62CB-4A5E-943E-447AD8953783}.Release|Any CPU.ActiveCfg = Release|Any CPU
		{5C2C585B-62CB-4A5E-943E-447AD8953783}.Release|Any CPU.Build.0 = Release|Any CPU
		{5C2C585B-62CB-4A5E-943E-447AD8953783}.Release|x64.ActiveCfg = Release|Any CPU
		{5C2C585B-62CB-4A5E-943E-447AD8953783}.Release|x64.Build.0 = Release|Any CPU
		{5C2C585B-62CB-4A5E-943E-447AD8953783}.Release|x86.ActiveCfg = Release|Any CPU
		{5C2C585B-62CB-4A5E-943E-447AD8953783}.Release|x86.Build.0 = Release|Any CPU
	EndGlobalSection
	GlobalSection(SolutionProperties) = preSolution
		HideSolutionNode = FALSE
	EndGlobalSection
EndGlobal
